
Microsoft Visual Studio Solution File, Format Version 12.00
# Visual Studio Version 16
VisualStudioVersion = 16.0.30711.63
MinimumVisualStudioVersion = 10.0.40219.1
Project("{9A19103F-16F7-4668-BE54-9A1E7A4F7556}") = "Kata_Sheeps", "Kata_Sheeps\Kata_Sheeps.csproj", "{843C3E4B-E0ED-4FC9-800C-DCA6AB4338D3}"
EndProject
Project("{9A19103F-16F7-4668-BE54-9A1E7A4F7556}") = "Kata_Summation", "Kata_Summation\Kata_Summation.csproj", "{E0FAACF5-A4CA-494F-BD5C-3A4151EB7519}"
EndProject
Project("{FAE04EC0-301F-11D3-BF4B-00C04F79EFBC}") = "Kata_Word", "Kata_Word\Kata_Word.csproj", "{50DA2911-982F-4AA4-8BEA-F4609F20981C}"
EndProject
Global
	GlobalSection(SolutionConfigurationPlatforms) = preSolution
		Debug|Any CPU = Debug|Any CPU
		Release|Any CPU = Release|Any CPU
	EndGlobalSection
	GlobalSection(ProjectConfigurationPlatforms) = postSolution
		{843C3E4B-E0ED-4FC9-800C-DCA6AB4338D3}.Debug|Any CPU.ActiveCfg = Debug|Any CPU
		{843C3E4B-E0ED-4FC9-800C-DCA6AB4338D3}.Debug|Any CPU.Build.0 = Debug|Any CPU
		{843C3E4B-E0ED-4FC9-800C-DCA6AB4338D3}.Release|Any CPU.ActiveCfg = Release|Any CPU
		{843C3E4B-E0ED-4FC9-800C-DCA6AB4338D3}.Release|Any CPU.Build.0 = Release|Any CPU
		{E0FAACF5-A4CA-494F-BD5C-3A4151EB7519}.Debug|Any CPU.ActiveCfg = Debug|Any CPU
		{E0FAACF5-A4CA-494F-BD5C-3A4151EB7519}.Debug|Any CPU.Build.0 = Debug|Any CPU
		{E0FAACF5-A4CA-494F-BD5C-3A4151EB7519}.Release|Any CPU.ActiveCfg = Release|Any CPU
		{E0FAACF5-A4CA-494F-BD5C-3A4151EB7519}.Release|Any CPU.Build.0 = Release|Any CPU
		{50DA2911-982F-4AA4-8BEA-F4609F20981C}.Debug|Any CPU.ActiveCfg = Debug|Any CPU
		{50DA2911-982F-4AA4-8BEA-F4609F20981C}.Debug|Any CPU.Build.0 = Debug|Any CPU
		{50DA2911-982F-4AA4-8BEA-F4609F20981C}.Release|Any CPU.ActiveCfg = Release|Any CPU
		{50DA2911-982F-4AA4-8BEA-F4609F20981C}.Release|Any CPU.Build.0 = Release|Any CPU
	EndGlobalSection
	GlobalSection(SolutionProperties) = preSolution
		HideSolutionNode = FALSE
	EndGlobalSection
	GlobalSection(ExtensibilityGlobals) = postSolution
		SolutionGuid = {E3E86CA4-1AE8-440B-8E84-23AF21C5CB7A}
	EndGlobalSection
EndGlobal
